
Microsoft Visual Studio Solution File, Format Version 12.00
# Visual Studio Version 16
VisualStudioVersion = 16.0.30517.126
MinimumVisualStudioVersion = 10.0.40219.1
Project("{FAE04EC0-301F-11D3-BF4B-00C04F79EFBC}") = "ControlFlow", "ControlFlow\ControlFlow.csproj", "{E4A5A3A3-5EE4-4AD8-8DD6-E1AD9ABEA610}"
EndProject
Project("{FAE04EC0-301F-11D3-BF4B-00C04F79EFBC}") = "WhenWereYouBorn", "WhenWereYouBorn\WhenWereYouBorn.csproj", "{96B84A7B-26B5-45A5-88D3-31383BBE3D94}"
EndProject
Project("{FAE04EC0-301F-11D3-BF4B-00C04F79EFBC}") = "DrivingLisence", "DrivingLisence\DrivingLisence.csproj", "{97802A26-5DA4-4764-B16F-97B1AC488808}"
EndProject
Global
	GlobalSection(SolutionConfigurationPlatforms) = preSolution
		Debug|Any CPU = Debug|Any CPU
		Release|Any CPU = Release|Any CPU
	EndGlobalSection
	GlobalSection(ProjectConfigurationPlatforms) = postSolution
		{E4A5A3A3-5EE4-4AD8-8DD6-E1AD9ABEA610}.Debug|Any CPU.ActiveCfg = Debug|Any CPU
		{E4A5A3A3-5EE4-4AD8-8DD6-E1AD9ABEA610}.Debug|Any CPU.Build.0 = Debug|Any CPU
		{E4A5A3A3-5EE4-4AD8-8DD6-E1AD9ABEA610}.Release|Any CPU.ActiveCfg = Release|Any CPU
		{E4A5A3A3-5EE4-4AD8-8DD6-E1AD9ABEA610}.Release|Any CPU.Build.0 = Release|Any CPU
		{96B84A7B-26B5-45A5-88D3-31383BBE3D94}.Debug|Any CPU.ActiveCfg = Debug|Any CPU
		{96B84A7B-26B5-45A5-88D3-31383BBE3D94}.Debug|Any CPU.Build.0 = Debug|Any CPU
		{96B84A7B-26B5-45A5-88D3-31383BBE3D94}.Release|Any CPU.ActiveCfg = Release|Any CPU
		{96B84A7B-26B5-45A5-88D3-31383BBE3D94}.Release|Any CPU.Build.0 = Release|Any CPU
		{97802A26-5DA4-4764-B16F-97B1AC488808}.Debug|Any CPU.ActiveCfg = Debug|Any CPU
		{97802A26-5DA4-4764-B16F-97B1AC488808}.Debug|Any CPU.Build.0 = Debug|Any CPU
		{97802A26-5DA4-4764-B16F-97B1AC488808}.Release|Any CPU.ActiveCfg = Release|Any CPU
		{97802A26-5DA4-4764-B16F-97B1AC488808}.Release|Any CPU.Build.0 = Release|Any CPU
	EndGlobalSection
	GlobalSection(SolutionProperties) = preSolution
		HideSolutionNode = FALSE
	EndGlobalSection
	GlobalSection(ExtensibilityGlobals) = postSolution
		SolutionGuid = {18B4D530-707C-49B4-9059-4DDF6C0BB1E3}
	EndGlobalSection
EndGlobal
